
Microsoft Visual Studio Solution File, Format Version 12.00
# Visual Studio Version 17
VisualStudioVersion = 17.4.33213.308
MinimumVisualStudioVersion = 10.0.40219.1
Project("{2150E333-8FDC-42A3-9474-1A3956D46DE8}") = "src", "src", "{3D08E9CE-D223-4839-BCB1-3AF7F4B575D3}"
EndProject
Project("{9A19103F-16F7-4668-BE54-9A1E7A4F7556}") = "interview.generator.api", "src\interview.generator.api\interview.generator.api.csproj", "{FE908507-00CB-4109-8DB8-5B1818643EB8}"
EndProject
Project("{9A19103F-16F7-4668-BE54-9A1E7A4F7556}") = "interview.generator.application", "src\interview.generator.application\interview.generator.application.csproj", "{F17DAB0F-7107-46CF-BF30-CBB749CAEDCC}"
EndProject
Project("{9A19103F-16F7-4668-BE54-9A1E7A4F7556}") = "interview.generator.crosscutting", "src\interview.generator.crosscutting\interview.generator.crosscutting.csproj", "{04AFA470-4E17-4B73-9B6D-8AB60413B354}"
EndProject
Project("{9A19103F-16F7-4668-BE54-9A1E7A4F7556}") = "interview.generator.domain", "src\interview.generator.domain\interview.generator.domain.csproj", "{0A84EA2B-A18D-4C06-9EB9-E66333096C68}"
EndProject
Project("{9A19103F-16F7-4668-BE54-9A1E7A4F7556}") = "interview.generator.infraestructure", "src\interview.generator.infraestructure\interview.generator.infraestructure.csproj", "{4688CCC8-E3A3-470A-BC54-34839471D923}"
EndProject
Project("{2150E333-8FDC-42A3-9474-1A3956D46DE8}") = "test", "test", "{A3991794-A2B4-4F70-A5A9-7541764B1CD7}"
EndProject
Project("{9A19103F-16F7-4668-BE54-9A1E7A4F7556}") = "interview.generator.test", "test\interview.generator.test\interview.generator.test.csproj", "{D88869E1-952C-4EBA-B9C2-14EEF9574DA2}"
EndProject
Project("{9A19103F-16F7-4668-BE54-9A1E7A4F7556}") = "Interview.Generator.IntegrationTests", "test\Interview.Generator.IntegrationTests\Interview.Generator.IntegrationTests.csproj", "{DE242A8A-36E1-47E4-8751-D76348E9758D}"
EndProject
Global
	GlobalSection(SolutionConfigurationPlatforms) = preSolution
		Debug|Any CPU = Debug|Any CPU
		Release|Any CPU = Release|Any CPU
	EndGlobalSection
	GlobalSection(ProjectConfigurationPlatforms) = postSolution
		{FE908507-00CB-4109-8DB8-5B1818643EB8}.Debug|Any CPU.ActiveCfg = Debug|Any CPU
		{FE908507-00CB-4109-8DB8-5B1818643EB8}.Debug|Any CPU.Build.0 = Debug|Any CPU
		{FE908507-00CB-4109-8DB8-5B1818643EB8}.Release|Any CPU.ActiveCfg = Release|Any CPU
		{FE908507-00CB-4109-8DB8-5B1818643EB8}.Release|Any CPU.Build.0 = Release|Any CPU
		{F17DAB0F-7107-46CF-BF30-CBB749CAEDCC}.Debug|Any CPU.ActiveCfg = Debug|Any CPU
		{F17DAB0F-7107-46CF-BF30-CBB749CAEDCC}.Debug|Any CPU.Build.0 = Debug|Any CPU
		{F17DAB0F-7107-46CF-BF30-CBB749CAEDCC}.Release|Any CPU.ActiveCfg = Release|Any CPU
		{F17DAB0F-7107-46CF-BF30-CBB749CAEDCC}.Release|Any CPU.Build.0 = Release|Any CPU
		{04AFA470-4E17-4B73-9B6D-8AB60413B354}.Debug|Any CPU.ActiveCfg = Debug|Any CPU
		{04AFA470-4E17-4B73-9B6D-8AB60413B354}.Debug|Any CPU.Build.0 = Debug|Any CPU
		{04AFA470-4E17-4B73-9B6D-8AB60413B354}.Release|Any CPU.ActiveCfg = Release|Any CPU
		{04AFA470-4E17-4B73-9B6D-8AB60413B354}.Release|Any CPU.Build.0 = Release|Any CPU
		{0A84EA2B-A18D-4C06-9EB9-E66333096C68}.Debug|Any CPU.ActiveCfg = Debug|Any CPU
		{0A84EA2B-A18D-4C06-9EB9-E66333096C68}.Debug|Any CPU.Build.0 = Debug|Any CPU
		{0A84EA2B-A18D-4C06-9EB9-E66333096C68}.Release|Any CPU.ActiveCfg = Release|Any CPU
		{0A84EA2B-A18D-4C06-9EB9-E66333096C68}.Release|Any CPU.Build.0 = Release|Any CPU
		{4688CCC8-E3A3-470A-BC54-34839471D923}.Debug|Any CPU.ActiveCfg = Debug|Any CPU
		{4688CCC8-E3A3-470A-BC54-34839471D923}.Debug|Any CPU.Build.0 = Debug|Any CPU
		{4688CCC8-E3A3-470A-BC54-34839471D923}.Release|Any CPU.ActiveCfg = Release|Any CPU
		{4688CCC8-E3A3-470A-BC54-34839471D923}.Release|Any CPU.Build.0 = Release|Any CPU
		{D88869E1-952C-4EBA-B9C2-14EEF9574DA2}.Debug|Any CPU.ActiveCfg = Debug|Any CPU
		{D88869E1-952C-4EBA-B9C2-14EEF9574DA2}.Debug|Any CPU.Build.0 = Debug|Any CPU
		{D88869E1-952C-4EBA-B9C2-14EEF9574DA2}.Release|Any CPU.ActiveCfg = Release|Any CPU
		{D88869E1-952C-4EBA-B9C2-14EEF9574DA2}.Release|Any CPU.Build.0 = Release|Any CPU
		{DE242A8A-36E1-47E4-8751-D76348E9758D}.Debug|Any CPU.ActiveCfg = Debug|Any CPU
		{DE242A8A-36E1-47E4-8751-D76348E9758D}.Debug|Any CPU.Build.0 = Debug|Any CPU
		{DE242A8A-36E1-47E4-8751-D76348E9758D}.Release|Any CPU.ActiveCfg = Release|Any CPU
		{DE242A8A-36E1-47E4-8751-D76348E9758D}.Release|Any CPU.Build.0 = Release|Any CPU
	EndGlobalSection
	GlobalSection(SolutionProperties) = preSolution
		HideSolutionNode = FALSE
	EndGlobalSection
	GlobalSection(NestedProjects) = preSolution
		{FE908507-00CB-4109-8DB8-5B1818643EB8} = {3D08E9CE-D223-4839-BCB1-3AF7F4B575D3}
		{F17DAB0F-7107-46CF-BF30-CBB749CAEDCC} = {3D08E9CE-D223-4839-BCB1-3AF7F4B575D3}
		{04AFA470-4E17-4B73-9B6D-8AB60413B354} = {3D08E9CE-D223-4839-BCB1-3AF7F4B575D3}
		{0A84EA2B-A18D-4C06-9EB9-E66333096C68} = {3D08E9CE-D223-4839-BCB1-3AF7F4B575D3}
		{4688CCC8-E3A3-470A-BC54-34839471D923} = {3D08E9CE-D223-4839-BCB1-3AF7F4B575D3}
		{D88869E1-952C-4EBA-B9C2-14EEF9574DA2} = {A3991794-A2B4-4F70-A5A9-7541764B1CD7}
		{DE242A8A-36E1-47E4-8751-D76348E9758D} = {A3991794-A2B4-4F70-A5A9-7541764B1CD7}
	EndGlobalSection
	GlobalSection(ExtensibilityGlobals) = postSolution
		SolutionGuid = {29B5FD03-25E9-4CE8-B0F8-2E60368F3D6D}
	EndGlobalSection
EndGlobal
